{
    "name": "behaviours-js",
    "version": "1.1.4",
    "lockfileVersion": 1,
    "requires": true,
    "dependencies": {
        "debug": {
            "version": "4.3.4",
            "resolved": "https://registry.npmjs.org/debug/-/debug-4.3.4.tgz",
            "integrity": "sha512-PRWFHuSU3eDtQJPvnNY7Jcket1j0t5OuOsFzPPzsekD52Zl8qUfFIPEiswXqIvHWGVHOgX+7G/vCNNhehwxfkQ==",
            "requires": {
                "ms": "2.1.2"
            }
        },
        "define-js": {
            "version": "0.1.7",
            "resolved": "https://registry.npmjs.org/define-js/-/define-js-0.1.7.tgz",
            "integrity": "sha512-PB90yu8PDhHxw+tGg4IyAR/V23rniQYLa+OJ+6VDQhu5ITphXXGav5TvJILcFqdcUMV7rA+0y6NVku84NN/9GQ==",
            "requires": {
                "parseparams": "^0.1.1"
            }
        },
        "ms": {
            "version": "2.1.2",
            "resolved": "https://registry.npmjs.org/ms/-/ms-2.1.2.tgz",
            "integrity": "sha512-sGkPx+VjMtmA6MX27oA4FBFELFCZZ4S4XqeGOXCv68tT+jb3vk/RyaKWP0PTKyWtmLSM0b+adUTEvbs1PEaH2w=="
        },
        "parseparams": {
            "version": "0.1.1",
            "resolved": "https://registry.npmjs.org/parseparams/-/parseparams-0.1.1.tgz",
            "integrity": "sha512-NXvyrqmeTknbcuFBeEvKoJW7AAcB4MaElRssI2ftK8jMwxGDB7xFSlscQYoWPnIvTcqHDSvk2pWF/6N4YtuAqg=="
        },
        "shallow-copy": {
            "version": "0.0.1",
            "resolved": "https://registry.npmjs.org/shallow-copy/-/shallow-copy-0.0.1.tgz",
            "integrity": "sha512-b6i4ZpVuUxB9h5gfCxPiusKYkqTMOjEbBs4wMaFbkfia4yFv92UKZ6Df8WXcKbn08JNL/abvg3FnMAOfakDvUw=="
        },
        "snyk": {
            "version": "1.1074.0",
            "resolved": "https://registry.npmjs.org/snyk/-/snyk-1.1074.0.tgz",
            "integrity": "sha512-zMCPd/W3kcUhEClmFmnwaCogs3MaiSzVwMfm7/EZ0oRQQGmqywzVQrARz3kFX1qGyPEPlbWgEzhawAsreFxYmA=="
        }
    }
}
