{
    "name": "behaviours-js",
    "version": "1.0.4",
    "lockfileVersion": 1,
    "requires": true,
    "dependencies": {
        "debug": {
            "version": "4.3.3",
            "resolved": "https://registry.npmjs.org/debug/-/debug-4.3.3.tgz",
            "integrity": "sha512-/zxw5+vh1Tfv+4Qn7a5nsbcJKPaSvCDhojn6FEl9vupwK2VCSDtEiEtqr8DFtzYFOdz63LBkxec7DYuc2jon6Q==",
            "requires": {
                "ms": "2.1.2"
            }
        },
        "define-js": {
            "version": "0.1.7",
            "resolved": "https://registry.npmjs.org/define-js/-/define-js-0.1.7.tgz",
            "integrity": "sha512-PB90yu8PDhHxw+tGg4IyAR/V23rniQYLa+OJ+6VDQhu5ITphXXGav5TvJILcFqdcUMV7rA+0y6NVku84NN/9GQ==",
            "requires": {
                "parseparams": "^0.1.1"
            }
        },
        "ms": {
            "version": "2.1.2",
            "resolved": "https://registry.npmjs.org/ms/-/ms-2.1.2.tgz",
            "integrity": "sha512-sGkPx+VjMtmA6MX27oA4FBFELFCZZ4S4XqeGOXCv68tT+jb3vk/RyaKWP0PTKyWtmLSM0b+adUTEvbs1PEaH2w=="
        },
        "parseparams": {
            "version": "0.1.1",
            "resolved": "https://registry.npmjs.org/parseparams/-/parseparams-0.1.1.tgz",
            "integrity": "sha1-wMR9ChloFpi9ECwKb8FXhwwoLE8="
        },
        "shallow-copy": {
            "version": "0.0.1",
            "resolved": "https://registry.npmjs.org/shallow-copy/-/shallow-copy-0.0.1.tgz",
            "integrity": "sha1-QV9CcC1z2BAzApLMXuhurhoRoXA="
        },
        "snyk": {
            "version": "1.834.0",
            "resolved": "https://registry.npmjs.org/snyk/-/snyk-1.834.0.tgz",
            "integrity": "sha512-0XKshpV1azNRxOKwFV+NuR/ukT0OAhsUZI/jSN6O2XIQ5lYWXC8wNgvtpJ4pmhekMjBCj4rH6mxYDo2USWEZ1g=="
        }
    }
}
